
Microsoft Visual Studio Solution File, Format Version 12.00
# Visual Studio 15
VisualStudioVersion = 15.0.28010.2048
MinimumVisualStudioVersion = 10.0.40219.1
Project("{FAE04EC0-301F-11D3-BF4B-00C04F79EFBC}") = "WrapPanel", "WrapPanel\WrapPanel.csproj", "{9166E195-C6FC-4BD4-AC29-9BB0AF1DC69B}"
EndProject
Global
	GlobalSection(SolutionConfigurationPlatforms) = preSolution
		Debug|Any CPU = Debug|Any CPU
		Release|Any CPU = Release|Any CPU
	EndGlobalSection
	GlobalSection(ProjectConfigurationPlatforms) = postSolution
		{9166E195-C6FC-4BD4-AC29-9BB0AF1DC69B}.Debug|Any CPU.ActiveCfg = Debug|Any CPU
		{9166E195-C6FC-4BD4-AC29-9BB0AF1DC69B}.Debug|Any CPU.Build.0 = Debug|Any CPU
		{9166E195-C6FC-4BD4-AC29-9BB0AF1DC69B}.Release|Any CPU.ActiveCfg = Release|Any CPU
		{9166E195-C6FC-4BD4-AC29-9BB0AF1DC69B}.Release|Any CPU.Build.0 = Release|Any CPU
	EndGlobalSection
	GlobalSection(SolutionProperties) = preSolution
		HideSolutionNode = FALSE
	EndGlobalSection
	GlobalSection(ExtensibilityGlobals) = postSolution
		SolutionGuid = {C61CF8B4-0195-492C-A5DD-27D10C5252AD}
	EndGlobalSection
EndGlobal
